
Microsoft Visual Studio Solution File, Format Version 12.00
# Visual Studio 15
VisualStudioVersion = 15.0.28010.2046
MinimumVisualStudioVersion = 10.0.40219.1
Project("{FAE04EC0-301F-11D3-BF4B-00C04F79EFBC}") = "PDSProject", "PDSProject\PDSProject.csproj", "{8F98FB7E-B0E0-4179-89C0-75B1B3F10E3F}"
	ProjectSection(ProjectDependencies) = postProject
		{54ECAE5E-B7DC-48B3-A61A-120D70B0DE05} = {54ECAE5E-B7DC-48B3-A61A-120D70B0DE05}
	EndProjectSection
EndProject
Project("{FAE04EC0-301F-11D3-BF4B-00C04F79EFBC}") = "PDSProjectSetRegistry", "PDSProjectSetRegistry\PDSProjectSetRegistry.csproj", "{54ECAE5E-B7DC-48B3-A61A-120D70B0DE05}"
EndProject
Global
	GlobalSection(SolutionConfigurationPlatforms) = preSolution
		Debug|Any CPU = Debug|Any CPU
		Debug|x64 = Debug|x64
		Debug|x86 = Debug|x86
		Release|Any CPU = Release|Any CPU
		Release|x64 = Release|x64
		Release|x86 = Release|x86
	EndGlobalSection
	GlobalSection(ProjectConfigurationPlatforms) = postSolution
		{8F98FB7E-B0E0-4179-89C0-75B1B3F10E3F}.Debug|Any CPU.ActiveCfg = Debug|Any CPU
		{8F98FB7E-B0E0-4179-89C0-75B1B3F10E3F}.Debug|Any CPU.Build.0 = Debug|Any CPU
		{8F98FB7E-B0E0-4179-89C0-75B1B3F10E3F}.Debug|x64.ActiveCfg = Debug|Any CPU
		{8F98FB7E-B0E0-4179-89C0-75B1B3F10E3F}.Debug|x64.Build.0 = Debug|Any CPU
		{8F98FB7E-B0E0-4179-89C0-75B1B3F10E3F}.Debug|x86.ActiveCfg = Debug|Any CPU
		{8F98FB7E-B0E0-4179-89C0-75B1B3F10E3F}.Debug|x86.Build.0 = Debug|Any CPU
		{8F98FB7E-B0E0-4179-89C0-75B1B3F10E3F}.Release|Any CPU.ActiveCfg = Release|Any CPU
		{8F98FB7E-B0E0-4179-89C0-75B1B3F10E3F}.Release|Any CPU.Build.0 = Release|Any CPU
		{8F98FB7E-B0E0-4179-89C0-75B1B3F10E3F}.Release|x64.ActiveCfg = Release|Any CPU
		{8F98FB7E-B0E0-4179-89C0-75B1B3F10E3F}.Release|x64.Build.0 = Release|Any CPU
		{8F98FB7E-B0E0-4179-89C0-75B1B3F10E3F}.Release|x86.ActiveCfg = Release|Any CPU
		{8F98FB7E-B0E0-4179-89C0-75B1B3F10E3F}.Release|x86.Build.0 = Release|Any CPU
		{54ECAE5E-B7DC-48B3-A61A-120D70B0DE05}.Debug|Any CPU.ActiveCfg = Debug|Any CPU
		{54ECAE5E-B7DC-48B3-A61A-120D70B0DE05}.Debug|Any CPU.Build.0 = Debug|Any CPU
		{54ECAE5E-B7DC-48B3-A61A-120D70B0DE05}.Debug|x64.ActiveCfg = Debug|Any CPU
		{54ECAE5E-B7DC-48B3-A61A-120D70B0DE05}.Debug|x64.Build.0 = Debug|Any CPU
		{54ECAE5E-B7DC-48B3-A61A-120D70B0DE05}.Debug|x86.ActiveCfg = Debug|Any CPU
		{54ECAE5E-B7DC-48B3-A61A-120D70B0DE05}.Debug|x86.Build.0 = Debug|Any CPU
		{54ECAE5E-B7DC-48B3-A61A-120D70B0DE05}.Release|Any CPU.ActiveCfg = Release|Any CPU
		{54ECAE5E-B7DC-48B3-A61A-120D70B0DE05}.Release|Any CPU.Build.0 = Release|Any CPU
		{54ECAE5E-B7DC-48B3-A61A-120D70B0DE05}.Release|x64.ActiveCfg = Release|Any CPU
		{54ECAE5E-B7DC-48B3-A61A-120D70B0DE05}.Release|x64.Build.0 = Release|Any CPU
		{54ECAE5E-B7DC-48B3-A61A-120D70B0DE05}.Release|x86.ActiveCfg = Release|Any CPU
		{54ECAE5E-B7DC-48B3-A61A-120D70B0DE05}.Release|x86.Build.0 = Release|Any CPU
	EndGlobalSection
	GlobalSection(SolutionProperties) = preSolution
		HideSolutionNode = FALSE
	EndGlobalSection
	GlobalSection(ExtensibilityGlobals) = postSolution
		SolutionGuid = {D56248D0-5EB2-4D8C-92E9-70BD35E3C6B1}
	EndGlobalSection
EndGlobal
